
Microsoft Visual Studio Solution File, Format Version 12.00
# Visual Studio Version 17
VisualStudioVersion = 17.13.35931.197
MinimumVisualStudioVersion = 10.0.40219.1
Project("{2150E333-8FDC-42A3-9474-1A3956D46DE8}") = "Core", "Core", "{02EA681E-C7D8-13C7-8484-4AC65E1B71E8}"
EndProject
Project("{2150E333-8FDC-42A3-9474-1A3956D46DE8}") = "Frontends", "Frontends", "{369CB01D-A1A7-72D2-AABC-3F0945D148A2}"
EndProject
Project("{2150E333-8FDC-42A3-9474-1A3956D46DE8}") = "Infrastructure", "Infrastructure", "{7DC331D0-3EC4-40A6-69FB-1CBEB2E0D1EA}"
EndProject
Project("{2150E333-8FDC-42A3-9474-1A3956D46DE8}") = "Presentation", "Presentation", "{643747C7-0307-8931-84D8-A7D1915E22E5}"
EndProject
Project("{FAE04EC0-301F-11D3-BF4B-00C04F79EFBC}") = "App.Aplication.Auth", "Core\App.Aplication.Auth\App.Aplication.Auth.csproj", "{CF070D4B-FD93-4FAB-8A60-4CFB777B0BD8}"
EndProject
Project("{FAE04EC0-301F-11D3-BF4B-00C04F79EFBC}") = "App.Aplication.File", "Core\App.Aplication.File\App.Aplication.File.csproj", "{AF6F159C-C9A9-4103-A526-646D8DED7B36}"
EndProject
Project("{FAE04EC0-301F-11D3-BF4B-00C04F79EFBC}") = "App.Domain", "Core\App.Domain\App.Domain.csproj", "{ECE5F18E-DD97-4BB1-8207-9AD03801D9D3}"
EndProject
Project("{FAE04EC0-301F-11D3-BF4B-00C04F79EFBC}") = "App.WebUI", "Frontends\App.WebUI\App.WebUI.csproj", "{EAAE0678-4DF1-4D96-A874-2206855E29AB}"
EndProject
Project("{FAE04EC0-301F-11D3-BF4B-00C04F79EFBC}") = "App.Admin", "Frontends\App.Admin\App.Admin.csproj", "{6165C868-CBDC-4A52-BE43-BADBE33866B1}"
EndProject
Project("{FAE04EC0-301F-11D3-BF4B-00C04F79EFBC}") = "App.Dto", "Frontends\App.Dto\App.Dto.csproj", "{2D1DBD42-82D5-4448-93C4-106B19199D08}"
EndProject
Project("{FAE04EC0-301F-11D3-BF4B-00C04F79EFBC}") = "App.Persistence", "Infrastructure\App.Persistence\App.Persistence.csproj", "{663C1286-1B36-4530-B368-7C3130D5DE59}"
EndProject
Project("{FAE04EC0-301F-11D3-BF4B-00C04F79EFBC}") = "FileData.Api", "Presentation\Presentation\FileData.Api\FileData.Api.csproj", "{1453B0A9-A231-469D-BF21-060103D08209}"
EndProject
Project("{FAE04EC0-301F-11D3-BF4B-00C04F79EFBC}") = "FileStorage.Api", "Presentation\FileStorage.Api\FileStorage.Api.csproj", "{6A6674D8-1A11-40E6-829D-B584E64C7451}"
EndProject
Project("{FAE04EC0-301F-11D3-BF4B-00C04F79EFBC}") = "Gateway.Api", "Presentation\Gateway.Api\Gateway.Api.csproj", "{739F38E0-AE74-4914-8B04-DA7B5AFCBE88}"
EndProject
Project("{FAE04EC0-301F-11D3-BF4B-00C04F79EFBC}") = "Authentication.Api", "Presentation\Authentication.Api\Authentication.Api.csproj", "{7466AB1F-434F-4C33-9A7D-5AED38453D52}"
EndProject
Global
	GlobalSection(SolutionConfigurationPlatforms) = preSolution
		Debug|Any CPU = Debug|Any CPU
		Release|Any CPU = Release|Any CPU
	EndGlobalSection
	GlobalSection(ProjectConfigurationPlatforms) = postSolution
		{CF070D4B-FD93-4FAB-8A60-4CFB777B0BD8}.Debug|Any CPU.ActiveCfg = Debug|Any CPU
		{CF070D4B-FD93-4FAB-8A60-4CFB777B0BD8}.Debug|Any CPU.Build.0 = Debug|Any CPU
		{CF070D4B-FD93-4FAB-8A60-4CFB777B0BD8}.Release|Any CPU.ActiveCfg = Release|Any CPU
		{CF070D4B-FD93-4FAB-8A60-4CFB777B0BD8}.Release|Any CPU.Build.0 = Release|Any CPU
		{AF6F159C-C9A9-4103-A526-646D8DED7B36}.Debug|Any CPU.ActiveCfg = Debug|Any CPU
		{AF6F159C-C9A9-4103-A526-646D8DED7B36}.Debug|Any CPU.Build.0 = Debug|Any CPU
		{AF6F159C-C9A9-4103-A526-646D8DED7B36}.Release|Any CPU.ActiveCfg = Release|Any CPU
		{AF6F159C-C9A9-4103-A526-646D8DED7B36}.Release|Any CPU.Build.0 = Release|Any CPU
		{ECE5F18E-DD97-4BB1-8207-9AD03801D9D3}.Debug|Any CPU.ActiveCfg = Debug|Any CPU
		{ECE5F18E-DD97-4BB1-8207-9AD03801D9D3}.Debug|Any CPU.Build.0 = Debug|Any CPU
		{ECE5F18E-DD97-4BB1-8207-9AD03801D9D3}.Release|Any CPU.ActiveCfg = Release|Any CPU
		{ECE5F18E-DD97-4BB1-8207-9AD03801D9D3}.Release|Any CPU.Build.0 = Release|Any CPU
		{EAAE0678-4DF1-4D96-A874-2206855E29AB}.Debug|Any CPU.ActiveCfg = Debug|Any CPU
		{EAAE0678-4DF1-4D96-A874-2206855E29AB}.Debug|Any CPU.Build.0 = Debug|Any CPU
		{EAAE0678-4DF1-4D96-A874-2206855E29AB}.Release|Any CPU.ActiveCfg = Release|Any CPU
		{EAAE0678-4DF1-4D96-A874-2206855E29AB}.Release|Any CPU.Build.0 = Release|Any CPU
		{6165C868-CBDC-4A52-BE43-BADBE33866B1}.Debug|Any CPU.ActiveCfg = Debug|Any CPU
		{6165C868-CBDC-4A52-BE43-BADBE33866B1}.Debug|Any CPU.Build.0 = Debug|Any CPU
		{6165C868-CBDC-4A52-BE43-BADBE33866B1}.Release|Any CPU.ActiveCfg = Release|Any CPU
		{6165C868-CBDC-4A52-BE43-BADBE33866B1}.Release|Any CPU.Build.0 = Release|Any CPU
		{2D1DBD42-82D5-4448-93C4-106B19199D08}.Debug|Any CPU.ActiveCfg = Debug|Any CPU
		{2D1DBD42-82D5-4448-93C4-106B19199D08}.Debug|Any CPU.Build.0 = Debug|Any CPU
		{2D1DBD42-82D5-4448-93C4-106B19199D08}.Release|Any CPU.ActiveCfg = Release|Any CPU
		{2D1DBD42-82D5-4448-93C4-106B19199D08}.Release|Any CPU.Build.0 = Release|Any CPU
		{663C1286-1B36-4530-B368-7C3130D5DE59}.Debug|Any CPU.ActiveCfg = Debug|Any CPU
		{663C1286-1B36-4530-B368-7C3130D5DE59}.Debug|Any CPU.Build.0 = Debug|Any CPU
		{663C1286-1B36-4530-B368-7C3130D5DE59}.Release|Any CPU.ActiveCfg = Release|Any CPU
		{663C1286-1B36-4530-B368-7C3130D5DE59}.Release|Any CPU.Build.0 = Release|Any CPU
		{1453B0A9-A231-469D-BF21-060103D08209}.Debug|Any CPU.ActiveCfg = Debug|Any CPU
		{1453B0A9-A231-469D-BF21-060103D08209}.Debug|Any CPU.Build.0 = Debug|Any CPU
		{1453B0A9-A231-469D-BF21-060103D08209}.Release|Any CPU.ActiveCfg = Release|Any CPU
		{1453B0A9-A231-469D-BF21-060103D08209}.Release|Any CPU.Build.0 = Release|Any CPU
		{6A6674D8-1A11-40E6-829D-B584E64C7451}.Debug|Any CPU.ActiveCfg = Debug|Any CPU
		{6A6674D8-1A11-40E6-829D-B584E64C7451}.Debug|Any CPU.Build.0 = Debug|Any CPU
		{6A6674D8-1A11-40E6-829D-B584E64C7451}.Release|Any CPU.ActiveCfg = Release|Any CPU
		{6A6674D8-1A11-40E6-829D-B584E64C7451}.Release|Any CPU.Build.0 = Release|Any CPU
		{739F38E0-AE74-4914-8B04-DA7B5AFCBE88}.Debug|Any CPU.ActiveCfg = Debug|Any CPU
		{739F38E0-AE74-4914-8B04-DA7B5AFCBE88}.Debug|Any CPU.Build.0 = Debug|Any CPU
		{739F38E0-AE74-4914-8B04-DA7B5AFCBE88}.Release|Any CPU.ActiveCfg = Release|Any CPU
		{739F38E0-AE74-4914-8B04-DA7B5AFCBE88}.Release|Any CPU.Build.0 = Release|Any CPU
		{7466AB1F-434F-4C33-9A7D-5AED38453D52}.Debug|Any CPU.ActiveCfg = Debug|Any CPU
		{7466AB1F-434F-4C33-9A7D-5AED38453D52}.Debug|Any CPU.Build.0 = Debug|Any CPU
		{7466AB1F-434F-4C33-9A7D-5AED38453D52}.Release|Any CPU.ActiveCfg = Release|Any CPU
		{7466AB1F-434F-4C33-9A7D-5AED38453D52}.Release|Any CPU.Build.0 = Release|Any CPU
	EndGlobalSection
	GlobalSection(SolutionProperties) = preSolution
		HideSolutionNode = FALSE
	EndGlobalSection
	GlobalSection(NestedProjects) = preSolution
		{CF070D4B-FD93-4FAB-8A60-4CFB777B0BD8} = {02EA681E-C7D8-13C7-8484-4AC65E1B71E8}
		{AF6F159C-C9A9-4103-A526-646D8DED7B36} = {02EA681E-C7D8-13C7-8484-4AC65E1B71E8}
		{ECE5F18E-DD97-4BB1-8207-9AD03801D9D3} = {02EA681E-C7D8-13C7-8484-4AC65E1B71E8}
		{EAAE0678-4DF1-4D96-A874-2206855E29AB} = {369CB01D-A1A7-72D2-AABC-3F0945D148A2}
		{6165C868-CBDC-4A52-BE43-BADBE33866B1} = {369CB01D-A1A7-72D2-AABC-3F0945D148A2}
		{2D1DBD42-82D5-4448-93C4-106B19199D08} = {369CB01D-A1A7-72D2-AABC-3F0945D148A2}
		{663C1286-1B36-4530-B368-7C3130D5DE59} = {7DC331D0-3EC4-40A6-69FB-1CBEB2E0D1EA}
		{1453B0A9-A231-469D-BF21-060103D08209} = {643747C7-0307-8931-84D8-A7D1915E22E5}
		{6A6674D8-1A11-40E6-829D-B584E64C7451} = {643747C7-0307-8931-84D8-A7D1915E22E5}
		{739F38E0-AE74-4914-8B04-DA7B5AFCBE88} = {643747C7-0307-8931-84D8-A7D1915E22E5}
		{7466AB1F-434F-4C33-9A7D-5AED38453D52} = {643747C7-0307-8931-84D8-A7D1915E22E5}
	EndGlobalSection
	GlobalSection(ExtensibilityGlobals) = postSolution
		SolutionGuid = {24A01D77-1FA1-4736-846D-A3ACD0FBA330}
	EndGlobalSection
EndGlobal
